# @generated - this file is auto-generated by `mise lock` https://mise.en.dev/dev-tools/mise-lock.html

[[tools.deno]]
version = "2.4.5"
backend = "core:deno"

[tools.deno."platforms.linux-arm64"]
checksum = "sha256:4e3e86739fe527c6891dbfa73799a5ec1b11f45898aaebf73bf3247c2e6a53dd"
url = "https://dl.deno.land/release/v2.4.5/deno-aarch64-unknown-linux-gnu.zip"

[tools.deno."platforms.linux-arm64-musl"]
checksum = "sha256:4e3e86739fe527c6891dbfa73799a5ec1b11f45898aaebf73bf3247c2e6a53dd"
url = "https://dl.deno.land/release/v2.4.5/deno-aarch64-unknown-linux-gnu.zip"

[tools.deno."platforms.linux-x64"]
checksum = "sha256:6f9d8115bb3df582c0c5674507e906323b680be0f0b15e735d0cd5ec6be44444"
url = "https://dl.deno.land/release/v2.4.5/deno-x86_64-unknown-linux-gnu.zip"

[tools.deno."platforms.linux-x64-musl"]
checksum = "sha256:6f9d8115bb3df582c0c5674507e906323b680be0f0b15e735d0cd5ec6be44444"
url = "https://dl.deno.land/release/v2.4.5/deno-x86_64-unknown-linux-gnu.zip"

[tools.deno."platforms.macos-arm64"]
checksum = "sha256:d21374dc6aa02b493467ec2f6d865cab95cffebb89aab242dc1acf95274681ee"
url = "https://dl.deno.land/release/v2.4.5/deno-aarch64-apple-darwin.zip"

[tools.deno."platforms.macos-x64"]
checksum = "sha256:cd46e3d5c06fbd21ef12742def67cc12ef83a2f99d44e00419615f99de056574"
url = "https://dl.deno.land/release/v2.4.5/deno-x86_64-apple-darwin.zip"

[tools.deno."platforms.windows-x64"]
checksum = "sha256:Algorithm"
url = "https://dl.deno.land/release/v2.4.5/deno-x86_64-pc-windows-msvc.zip"

[[tools.node]]
version = "24.15.0"
backend = "core:node"

[tools.node."platforms.linux-arm64"]
checksum = "sha256:73afc234d558c24919875f51c2d1ea002a2ada4ea6f83601a383869fefa64eed"
url = "https://nodejs.org/dist/v24.15.0/node-v24.15.0-linux-arm64.tar.gz"

[tools.node."platforms.linux-arm64-musl"]
checksum = "sha256:31e98aa960a067da91edffd5d93bc46657b5d2a8029612c359f5f2ac0060152a"
url = "https://unofficial-builds.nodejs.org/download/release/v24.15.0/node-v24.15.0-linux-arm64-musl.tar.gz"

[tools.node."platforms.linux-x64"]
checksum = "sha256:44836872d9aec49f1e6b52a9a922872db9a2b02d235a616a5681b6a85fec8d89"
url = "https://nodejs.org/dist/v24.15.0/node-v24.15.0-linux-x64.tar.gz"

[tools.node."platforms.linux-x64-musl"]
checksum = "sha256:f55af5bd489c5347b113ca6594cae00a54b30ba57ac5875324311bfc6f4762e3"
url = "https://unofficial-builds.nodejs.org/download/release/v24.15.0/node-v24.15.0-linux-x64-musl.tar.gz"

[tools.node."platforms.macos-arm64"]
checksum = "sha256:372331b969779ab5d15b949884fc6eaf88d5afe87bde8ba881d6400b9100ffc4"
url = "https://nodejs.org/dist/v24.15.0/node-v24.15.0-darwin-arm64.tar.gz"

[tools.node."platforms.macos-x64"]
checksum = "sha256:ffd5ee293467927f3ee731a553eb88fd1f48cf74eebc2d74a6babe4af228673b"
url = "https://nodejs.org/dist/v24.15.0/node-v24.15.0-darwin-x64.tar.gz"

[tools.node."platforms.windows-x64"]
checksum = "sha256:cc5149eabd53779ce1e7bdc5401643622d0c7e6800ade18928a767e940bb0e62"
url = "https://nodejs.org/dist/v24.15.0/node-v24.15.0-win-x64.zip"

[[tools.python]]
version = "3.10.20"
backend = "core:python"

[tools.python."platforms.linux-arm64"]
checksum = "sha256:9f0becaa10fff71a455dcc9f4343cd784ee506a63d770d87fe92030cb376feee"
url = "https://github.com/astral-sh/python-build-standalone/releases/download/20260510/cpython-3.10.20+20260510-aarch64-unknown-linux-gnu-install_only_stripped.tar.gz"
provenance = "github-attestations"

[tools.python."platforms.linux-arm64-musl"]
checksum = "sha256:9554a89877e5142fa55f5a45d9f801d59044994ddc63acf0e43ac707d0a236c9"
url = "https://github.com/astral-sh/python-build-standalone/releases/download/20260510/cpython-3.10.20+20260510-aarch64-unknown-linux-musl-install_only_stripped.tar.gz"
provenance = "github-attestations"

[tools.python."platforms.linux-x64"]
checksum = "sha256:dc734bdd388975c0b093fe730b272af741a2e192475d38bc6845a687b6405922"
url = "https://github.com/astral-sh/python-build-standalone/releases/download/20260510/cpython-3.10.20+20260510-x86_64-unknown-linux-gnu-install_only_stripped.tar.gz"
provenance = "github-attestations"

[tools.python."platforms.linux-x64-musl"]
checksum = "sha256:facb9b39d178c8534d91d5bde9ac688d8c0ef313db9ce42a531317f9d7789496"
url = "https://github.com/astral-sh/python-build-standalone/releases/download/20260510/cpython-3.10.20+20260510-x86_64-unknown-linux-musl-install_only_stripped.tar.gz"
provenance = "github-attestations"

[tools.python."platforms.macos-arm64"]
checksum = "sha256:36b7364a5cd75e5b8591c4dc6cc30d84d9112b62a2b8199c406d63f2ca2f981f"
url = "https://github.com/astral-sh/python-build-standalone/releases/download/20260510/cpython-3.10.20+20260510-aarch64-apple-darwin-install_only_stripped.tar.gz"
provenance = "github-attestations"

[tools.python."platforms.macos-x64"]
checksum = "sha256:e7ce16965714c05b2cc4515f20cd0c1f8d4fef037bd34daf18d924677f6545b8"
url = "https://github.com/astral-sh/python-build-standalone/releases/download/20260510/cpython-3.10.20+20260510-x86_64-apple-darwin-install_only_stripped.tar.gz"
provenance = "github-attestations"

[tools.python."platforms.windows-x64"]
checksum = "sha256:d1e8fb30cba04e6bb5a703e0186da77f833957de027562fa4df9fd0424ae5f7e"
url = "https://github.com/astral-sh/python-build-standalone/releases/download/20260510/cpython-3.10.20+20260510-x86_64-pc-windows-msvc-install_only_stripped.tar.gz"
provenance = "github-attestations"

[[tools.uv]]
version = "0.9.21"
backend = "aqua:astral-sh/uv"

[tools.uv."platforms.linux-arm64"]
checksum = "sha256:03a49fb609888032dbc3be9fd114b50fc9bce8b73b3df319746ae08d1fbdea83"
url = "https://github.com/astral-sh/uv/releases/download/0.9.21/uv-aarch64-unknown-linux-musl.tar.gz"
provenance = "github-attestations"

[tools.uv."platforms.linux-arm64-musl"]
checksum = "sha256:03a49fb609888032dbc3be9fd114b50fc9bce8b73b3df319746ae08d1fbdea83"
url = "https://github.com/astral-sh/uv/releases/download/0.9.21/uv-aarch64-unknown-linux-musl.tar.gz"
provenance = "github-attestations"

[tools.uv."platforms.linux-x64"]
checksum = "sha256:7abc29b3a06a99fb23564400fe884f5798a1786dc2ca05b6e0f70c53de748ab2"
url = "https://github.com/astral-sh/uv/releases/download/0.9.21/uv-x86_64-unknown-linux-musl.tar.gz"
provenance = "github-attestations"

[tools.uv."platforms.linux-x64-musl"]
checksum = "sha256:7abc29b3a06a99fb23564400fe884f5798a1786dc2ca05b6e0f70c53de748ab2"
url = "https://github.com/astral-sh/uv/releases/download/0.9.21/uv-x86_64-unknown-linux-musl.tar.gz"
provenance = "github-attestations"

[tools.uv."platforms.macos-arm64"]
checksum = "sha256:473977236ef8ac5937c80de08a3599cb6ed6021d0e015e10f88076767877a153"
url = "https://github.com/astral-sh/uv/releases/download/0.9.21/uv-aarch64-apple-darwin.tar.gz"
provenance = "github-attestations"

[tools.uv."platforms.macos-x64"]
checksum = "sha256:26390da48bd55e21ab62451a80ad240ef6df10d4c48ec199cbb34c18b4288983"
url = "https://github.com/astral-sh/uv/releases/download/0.9.21/uv-x86_64-apple-darwin.tar.gz"
provenance = "github-attestations"

[tools.uv."platforms.windows-x64"]
checksum = "sha256:d27952e73183ef8f6ee8c2a50cf8b3f2e08e01b6a9279a00a85cb261ea8d8337"
url = "https://github.com/astral-sh/uv/releases/download/0.9.21/uv-x86_64-pc-windows-msvc.zip"
provenance = "github-attestations"
