{
  "name": "@arcjet-examples/claude-managed-agent",
  "lockfileVersion": 3,
  "requires": true,
  "packages": {
    "": {
      "name": "@arcjet-examples/claude-managed-agent",
      "license": "Apache-2.0",
      "dependencies": {
        "@anthropic-ai/sdk": "0.123.0",
        "@arcjet/guard": "file:./vendor/arcjet-guard",
        "zod": "4.4.3"
      },
      "devDependencies": {
        "@types/node": "24.13.3",
        "typescript": "5.9.3"
      },
      "engines": {
        "node": ">=24"
      }
    },
    "node_modules/@anthropic-ai/sdk": {
      "version": "0.123.0",
      "resolved": "https://registry.npmjs.org/@anthropic-ai/sdk/-/sdk-0.123.0.tgz",
      "integrity": "sha512-Y9oX9mPNGZClHQOFqrWRk43Srcu/UHuPq3rfxxOq7JgW0gi+lJA2MAOK4Ul3k/+AUrwRWFJvd0tK3oC0Pw25dw==",
      "license": "MIT",
      "dependencies": {
        "json-schema-to-ts": "^3.1.1",
        "standardwebhooks": "^1.0.0"
      },
      "bin": {
        "anthropic-ai-sdk": "bin/cli"
      },
      "peerDependencies": {
        "zod": "^3.25.0 || ^4.0.0"
      },
      "peerDependenciesMeta": {
        "zod": {
          "optional": true
        }
      }
    },
    "node_modules/@arcjet/analyze": {
      "version": "1.11.0",
      "resolved": "https://registry.npmjs.org/@arcjet/analyze/-/analyze-1.11.0.tgz",
      "integrity": "sha512-mjMQBPKBAzLUcuKzB+UxMOC5OAOGRIl9UU98TADCBWystCKtxsW3cXgveJDlmoEaiRT+lW9Bo6TOjmSB76PJPA==",
      "license": "Apache-2.0",
      "dependencies": {
        "@arcjet/analyze-wasm": "1.11.0",
        "@arcjet/protocol": "1.11.0"
      },
      "engines": {
        "node": ">=22.21.0 <23 || >=24.5.0"
      }
    },
    "node_modules/@arcjet/analyze-wasm": {
      "version": "1.11.0",
      "resolved": "https://registry.npmjs.org/@arcjet/analyze-wasm/-/analyze-wasm-1.11.0.tgz",
      "integrity": "sha512-r7fcn/gTVRCr8ByZUDqCgwULDH47dupUWNKpkRzVU2V3KZgmjU3vKo0GFEDfEkZopZ8M1RH5iBYJlPt5Ksz6MA==",
      "license": "Apache-2.0",
      "engines": {
        "node": ">=22.21.0 <23 || >=24.5.0"
      }
    },
    "node_modules/@arcjet/cache": {
      "version": "1.11.0",
      "resolved": "https://registry.npmjs.org/@arcjet/cache/-/cache-1.11.0.tgz",
      "integrity": "sha512-Lh9qbkb3vSG50ELZIR4yRwbhhFMt0ektqPH2VQobvbWQv2FRJnH8hGjOrmfYfcKNbOFsa0f6TsiPrC1QFBCsqw==",
      "license": "Apache-2.0",
      "engines": {
        "node": ">=22.21.0 <23 || >=24.5.0"
      }
    },
    "node_modules/@arcjet/env": {
      "version": "1.11.0",
      "resolved": "https://registry.npmjs.org/@arcjet/env/-/env-1.11.0.tgz",
      "integrity": "sha512-tAhdIqas36g9YCLBJb1dMcCiQ+8Ew7zEKbSKnQ0E5dj0C0cOKHE4xSQsN8dS7hrOC2msgwefOPj9BmWD+jmXZA==",
      "license": "Apache-2.0",
      "engines": {
        "node": ">=22.21.0 <23 || >=24.5.0"
      }
    },
    "node_modules/@arcjet/guard": {
      "resolved": "vendor/arcjet-guard",
      "link": true
    },
    "node_modules/@arcjet/logger": {
      "version": "1.11.0",
      "resolved": "https://registry.npmjs.org/@arcjet/logger/-/logger-1.11.0.tgz",
      "integrity": "sha512-OpO8bAtjBiKT4R+3SCUIp3X6/7zLNqC/hBGHp1V4Ginx0X9E7ZQS0Y9O+Y/+/MVT/+ixwMiN5sqneLreyRJV5Q==",
      "license": "Apache-2.0",
      "dependencies": {
        "@arcjet/sprintf": "1.11.0"
      },
      "engines": {
        "node": ">=22.21.0 <23 || >=24.5.0"
      }
    },
    "node_modules/@arcjet/protocol": {
      "version": "1.11.0",
      "resolved": "https://registry.npmjs.org/@arcjet/protocol/-/protocol-1.11.0.tgz",
      "integrity": "sha512-PjWSHXZ4Ntd9td/4N1AHLDN15lk1Ky7L/IGk1tE/FV4G8eVtSkooeV8t7MQQdyRPX90nbI8k77Xr2MTj4UUEwg==",
      "license": "Apache-2.0",
      "dependencies": {
        "@arcjet/cache": "1.11.0",
        "@bufbuild/protobuf": "2.14.0",
        "@connectrpc/connect": "2.1.2"
      },
      "engines": {
        "node": ">=22.21.0 <23 || >=24.5.0"
      }
    },
    "node_modules/@arcjet/sprintf": {
      "version": "1.11.0",
      "resolved": "https://registry.npmjs.org/@arcjet/sprintf/-/sprintf-1.11.0.tgz",
      "integrity": "sha512-JxM/eostXf0OawoXiE1cOa+rPWAuxUOqKURqqwO1HhNGKb2rNZq+sL7d9hNSCyGoJGtN7Ydas4CX1NyZL3jCvg==",
      "license": "Apache-2.0",
      "engines": {
        "node": ">=22.21.0 <23 || >=24.5.0"
      }
    },
    "node_modules/@arcjet/transport": {
      "resolved": "vendor/arcjet-transport",
      "link": true
    },
    "node_modules/@babel/runtime": {
      "version": "7.29.7",
      "resolved": "https://registry.npmjs.org/@babel/runtime/-/runtime-7.29.7.tgz",
      "integrity": "sha512-Nq8OhGWiZIZGV6hLHoyAKLLcJihP/xFeBMGJoUrxTX2psI8dCifzLhZISFb+VWS3wFMRDmCGw5R+dOySCqPLhw==",
      "license": "MIT",
      "engines": {
        "node": ">=6.9.0"
      }
    },
    "node_modules/@bufbuild/protobuf": {
      "version": "2.14.0",
      "resolved": "https://registry.npmjs.org/@bufbuild/protobuf/-/protobuf-2.14.0.tgz",
      "integrity": "sha512-C3UGsiCwSprE2NKIIFA3hCDlpXTMCAXRZuEVp88L1GY36Y41+rYL5fryE+nOFhp4p4JPQvdV8PQ4DWgHgeTE+w==",
      "license": "(Apache-2.0 AND BSD-3-Clause)"
    },
    "node_modules/@connectrpc/connect": {
      "version": "2.1.2",
      "resolved": "https://registry.npmjs.org/@connectrpc/connect/-/connect-2.1.2.tgz",
      "integrity": "sha512-MXkBijtcX09R10Eb6sFeIetc6w6746eio6xtfuyVOH7oQAacT1X0GzMIQFux6Qy8cq3W/T5qX5Bei8YbFtmRGA==",
      "license": "Apache-2.0",
      "peerDependencies": {
        "@bufbuild/protobuf": "^2.7.0"
      }
    },
    "node_modules/@connectrpc/connect-node": {
      "version": "2.1.2",
      "resolved": "https://registry.npmjs.org/@connectrpc/connect-node/-/connect-node-2.1.2.tgz",
      "integrity": "sha512-+i/aAOpsI8sIx1mbYp6d99zvxaUSF6t/jP9Ux9maAmjsZPgmIQ3JuIeYi0zJIP9zlCnBlJjkpPosshCgdRuThQ==",
      "license": "Apache-2.0",
      "engines": {
        "node": ">=20"
      },
      "peerDependencies": {
        "@bufbuild/protobuf": "^2.7.0",
        "@connectrpc/connect": "2.1.2"
      }
    },
    "node_modules/@connectrpc/connect-web": {
      "version": "2.1.2",
      "resolved": "https://registry.npmjs.org/@connectrpc/connect-web/-/connect-web-2.1.2.tgz",
      "integrity": "sha512-1tfaK85MU+gJjwwmL31d2rzdf0XCYX99chZf63uG89SGBUd4XuZ4ZzhGo2u79TPXOE6nLIZQ2okrpyey42PYdg==",
      "license": "Apache-2.0",
      "peerDependencies": {
        "@bufbuild/protobuf": "^2.7.0",
        "@connectrpc/connect": "2.1.2"
      }
    },
    "node_modules/@stablelib/base64": {
      "version": "1.0.1",
      "resolved": "https://registry.npmjs.org/@stablelib/base64/-/base64-1.0.1.tgz",
      "integrity": "sha512-1bnPQqSxSuc3Ii6MhBysoWCg58j97aUjuCSZrGSmDxNqtytIi0k8utUenAwTZN4V5mXXYGsVUI9zeBqy+jBOSQ==",
      "license": "MIT"
    },
    "node_modules/@types/node": {
      "version": "24.13.3",
      "resolved": "https://registry.npmjs.org/@types/node/-/node-24.13.3.tgz",
      "integrity": "sha512-Dh8vAsV36ig5wa9OX4pXvMc9D3Veibfw2wix0CUwYODLD8nkj9UsLjASr49nPg+2eKzxhBV+v7L8pXvT4e639Q==",
      "dev": true,
      "license": "MIT",
      "dependencies": {
        "undici-types": "~7.18.0"
      }
    },
    "node_modules/fast-sha256": {
      "version": "1.3.0",
      "resolved": "https://registry.npmjs.org/fast-sha256/-/fast-sha256-1.3.0.tgz",
      "integrity": "sha512-n11RGP/lrWEFI/bWdygLxhI+pVeo1ZYIVwvvPkW7azl/rOy+F3HYRZ2K5zeE9mmkhQppyv9sQFx0JM9UabnpPQ==",
      "license": "Unlicense"
    },
    "node_modules/json-schema-to-ts": {
      "version": "3.1.1",
      "resolved": "https://registry.npmjs.org/json-schema-to-ts/-/json-schema-to-ts-3.1.1.tgz",
      "integrity": "sha512-+DWg8jCJG2TEnpy7kOm/7/AxaYoaRbjVB4LFZLySZlWn8exGs3A4OLJR966cVvU26N7X9TWxl+Jsw7dzAqKT6g==",
      "license": "MIT",
      "dependencies": {
        "@babel/runtime": "^7.18.3",
        "ts-algebra": "^2.0.0"
      },
      "engines": {
        "node": ">=16"
      }
    },
    "node_modules/standardwebhooks": {
      "version": "1.1.1",
      "resolved": "https://registry.npmjs.org/standardwebhooks/-/standardwebhooks-1.1.1.tgz",
      "integrity": "sha512-bCbX9ZEyFkWPsRz7Bl3NuQUJohmwGSev/yhr7vhaGPlc4AfIrspIRa6cPTBuI1ItmrTDJ4d/S2hCsfe4+vQGnQ==",
      "license": "MIT",
      "dependencies": {
        "@stablelib/base64": "^1.0.0",
        "fast-sha256": "^1.3.0"
      }
    },
    "node_modules/ts-algebra": {
      "version": "2.0.0",
      "resolved": "https://registry.npmjs.org/ts-algebra/-/ts-algebra-2.0.0.tgz",
      "integrity": "sha512-FPAhNPFMrkwz76P7cdjdmiShwMynZYN6SgOujD1urY4oNm80Ou9oMdmbR45LotcKOXoy7wSmHkRFE6Mxbrhefw==",
      "license": "MIT"
    },
    "node_modules/typescript": {
      "version": "5.9.3",
      "resolved": "https://registry.npmjs.org/typescript/-/typescript-5.9.3.tgz",
      "integrity": "sha512-jl1vZzPDinLr9eUt3J/t7V6FgNEw9QjvBPdysz9KfQDD41fQrC2Y4vKQdiaUpFT4bXlb1RHhLpp8wtm6M5TgSw==",
      "dev": true,
      "license": "Apache-2.0",
      "bin": {
        "tsc": "bin/tsc",
        "tsserver": "bin/tsserver"
      },
      "engines": {
        "node": ">=14.17"
      }
    },
    "node_modules/undici-types": {
      "version": "7.18.2",
      "resolved": "https://registry.npmjs.org/undici-types/-/undici-types-7.18.2.tgz",
      "integrity": "sha512-AsuCzffGHJybSaRrmr5eHr81mwJU3kjw6M+uprWvCXiNeN9SOGwQ3Jn8jb8m3Z6izVgknn1R0FTCEAP2QrLY/w==",
      "dev": true,
      "license": "MIT"
    },
    "node_modules/zod": {
      "version": "4.4.3",
      "resolved": "https://registry.npmjs.org/zod/-/zod-4.4.3.tgz",
      "integrity": "sha512-ytENFjIJFl2UwYglde2jchW2Hwm4GJFLDiSXWdTrJQBIN9Fcyp7n4DhxJEiWNAJMV1/BqWfW/kkg71UDcHJyTQ==",
      "license": "MIT",
      "funding": {
        "url": "https://github.com/sponsors/colinhacks"
      }
    },
    "vendor/arcjet-guard": {
      "name": "@arcjet/guard",
      "version": "1.11.1-vendor.cb35c8f9",
      "license": "Apache-2.0",
      "dependencies": {
        "@arcjet/analyze": "1.11.0",
        "@arcjet/logger": "1.11.0",
        "@arcjet/transport": "file:../arcjet-transport",
        "@bufbuild/protobuf": "2.14.0",
        "@connectrpc/connect": "2.1.2",
        "@connectrpc/connect-node": "2.1.2",
        "@connectrpc/connect-web": "2.1.2"
      },
      "engines": {
        "node": ">=22.21.0 <23 || >=24.5.0"
      },
      "peerDependencies": {
        "@anthropic-ai/sdk": ">=0.86.0 <1"
      },
      "peerDependenciesMeta": {
        "@anthropic-ai/sdk": {
          "optional": true
        }
      }
    },
    "vendor/arcjet-transport": {
      "name": "@arcjet/transport",
      "version": "1.11.0",
      "license": "Apache-2.0",
      "dependencies": {
        "@arcjet/env": "1.11.0",
        "@arcjet/logger": "1.11.0",
        "@bufbuild/protobuf": "2.14.0",
        "@connectrpc/connect": "2.1.2",
        "@connectrpc/connect-node": "2.1.2",
        "@connectrpc/connect-web": "2.1.2"
      },
      "engines": {
        "node": ">=22.21.0 <23 || >=24.5.0"
      }
    }
  }
}
