{
  "name": "@arcjet-examples/tanstack-agent",
  "lockfileVersion": 3,
  "requires": true,
  "packages": {
    "": {
      "name": "@arcjet-examples/tanstack-agent",
      "license": "Apache-2.0",
      "dependencies": {
        "@arcjet/guard": "1.12.0",
        "@tanstack/ai": "0.52.0",
        "@tanstack/ai-openai": "0.22.3",
        "zod": "4.4.3"
      },
      "devDependencies": {
        "@types/node": "24.13.3",
        "typescript": "5.9.3"
      },
      "engines": {
        "node": ">=24"
      }
    },
    "node_modules/@ag-ui/core": {
      "version": "0.1.1-canary.beta.0",
      "resolved": "https://registry.npmjs.org/@ag-ui/core/-/core-0.1.1-canary.beta.0.tgz",
      "integrity": "sha512-zcP3RH5p3HJTZ0kyQxNOL1blnVFTDpaShitR7UMS/thwFdl48V6CAG+WQBcYEu/dfa8mKonRez88N0Ok+nEI+w==",
      "license": "MIT",
      "peerDependencies": {
        "zod": "^3.25.18 || ^4.0.0"
      },
      "peerDependenciesMeta": {
        "zod": {
          "optional": true
        }
      }
    },
    "node_modules/@arcjet/analyze": {
      "version": "1.12.0",
      "resolved": "https://registry.npmjs.org/@arcjet/analyze/-/analyze-1.12.0.tgz",
      "integrity": "sha512-muUfZjCDVqJwMdMk3f9McJmCbyb/Z6v9GDOkBOH1rgX5KwwtYvNK8tZP8h7ebAmkKqjOZ/O73/3vG7fLEbN1Lg==",
      "license": "Apache-2.0",
      "dependencies": {
        "@arcjet/analyze-wasm": "1.12.0",
        "@arcjet/protocol": "1.12.0"
      },
      "engines": {
        "node": ">=22.21.0 <23 || >=24.5.0"
      }
    },
    "node_modules/@arcjet/analyze-wasm": {
      "version": "1.12.0",
      "resolved": "https://registry.npmjs.org/@arcjet/analyze-wasm/-/analyze-wasm-1.12.0.tgz",
      "integrity": "sha512-hyRZFZFJMvbyneVNQbkCKWboXZbI+PGwor6xaM83epFDM4T2Cp75sR22c5X6fuXZ2AomT6dX1yryuQEAS7y7qQ==",
      "license": "Apache-2.0",
      "engines": {
        "node": ">=22.21.0 <23 || >=24.5.0"
      }
    },
    "node_modules/@arcjet/cache": {
      "version": "1.12.0",
      "resolved": "https://registry.npmjs.org/@arcjet/cache/-/cache-1.12.0.tgz",
      "integrity": "sha512-u6Wg02EFqOAuOdwcWl3GqFH53bqaA4+r6h3ntlfsP0EUhsMb6AIuDPW3K65ayyDso/z7JUM1LPZrvTqqwlymXw==",
      "license": "Apache-2.0",
      "engines": {
        "node": ">=22.21.0 <23 || >=24.5.0"
      }
    },
    "node_modules/@arcjet/guard": {
      "version": "1.12.0",
      "resolved": "https://registry.npmjs.org/@arcjet/guard/-/guard-1.12.0.tgz",
      "integrity": "sha512-9Jc6wUg1IwNR6qq0GmDMAYI/kxy3eAvp0fojsrz3CmJ42SUA+HkDWQnkXyatyCxmYADGpjC9cAeqLrwwtQoLNw==",
      "license": "Apache-2.0",
      "dependencies": {
        "@arcjet/analyze": "1.12.0",
        "@arcjet/logger": "1.12.0",
        "@arcjet/transport": "1.12.0",
        "@bufbuild/protobuf": "2.14.0",
        "@connectrpc/connect": "2.1.2",
        "@connectrpc/connect-node": "2.1.2",
        "@connectrpc/connect-web": "2.1.2"
      },
      "engines": {
        "node": ">=22.21.0 <23 || >=24.5.0"
      },
      "peerDependencies": {
        "@ai-sdk/provider-utils": ">=5 <6",
        "@anthropic-ai/claude-agent-sdk": ">=0.1.0 <1",
        "@anthropic-ai/sdk": ">=0.86.0 <1",
        "@google/adk": ">=2 <3",
        "@langchain/core": ">=1 <2",
        "@langchain/langgraph": ">=1 <2",
        "@mastra/core": ">=1 <2",
        "@openai/agents": ">=0.17.0 <1",
        "@strands-agents/sdk": ">=1.1.0 <2",
        "@tanstack/ai": ">=0.8.0 <1",
        "ai": ">=7 <8",
        "eve": ">=0.34.0 <1",
        "genkit": ">=1.0.0 <2",
        "langchain": ">=1.2.0 <2"
      },
      "peerDependenciesMeta": {
        "@ai-sdk/provider-utils": {
          "optional": true
        },
        "@anthropic-ai/claude-agent-sdk": {
          "optional": true
        },
        "@anthropic-ai/sdk": {
          "optional": true
        },
        "@google/adk": {
          "optional": true
        },
        "@langchain/core": {
          "optional": true
        },
        "@langchain/langgraph": {
          "optional": true
        },
        "@mastra/core": {
          "optional": true
        },
        "@openai/agents": {
          "optional": true
        },
        "@strands-agents/sdk": {
          "optional": true
        },
        "@tanstack/ai": {
          "optional": true
        },
        "ai": {
          "optional": true
        },
        "eve": {
          "optional": true
        },
        "genkit": {
          "optional": true
        },
        "langchain": {
          "optional": true
        }
      }
    },
    "node_modules/@arcjet/guard/node_modules/@arcjet/logger": {
      "version": "1.12.0",
      "resolved": "https://registry.npmjs.org/@arcjet/logger/-/logger-1.12.0.tgz",
      "integrity": "sha512-2PkSAQk+kd/3o/dWJm+DhE2YfdVizD63ClMuSir9GrnKKonsAusEMkDFURt1BDbxTL1iUCf1fYli9rUpDUf8yg==",
      "license": "Apache-2.0",
      "dependencies": {
        "@arcjet/sprintf": "1.12.0"
      },
      "engines": {
        "node": ">=22.21.0 <23 || >=24.5.0"
      }
    },
    "node_modules/@arcjet/guard/node_modules/@arcjet/sprintf": {
      "version": "1.12.0",
      "resolved": "https://registry.npmjs.org/@arcjet/sprintf/-/sprintf-1.12.0.tgz",
      "integrity": "sha512-cHI0HHqUYcpCz/QXKxQoBzKPGrj5e0IBBi3NExhS1uuRnJTDycL7GtnDDfqxOaVm9i4lJ5U3tRlUqOf+RdNeKw==",
      "license": "Apache-2.0",
      "engines": {
        "node": ">=22.21.0 <23 || >=24.5.0"
      }
    },
    "node_modules/@arcjet/protocol": {
      "version": "1.12.0",
      "resolved": "https://registry.npmjs.org/@arcjet/protocol/-/protocol-1.12.0.tgz",
      "integrity": "sha512-D0LSb5CHSXFSnyNQJQLt2oNVGldmy+0J8vJQodh+Ln620Nu1wMKtdp2kvETb16rvpBKWYd6uS+ssrM0Q+yrMrg==",
      "license": "Apache-2.0",
      "dependencies": {
        "@arcjet/cache": "1.12.0",
        "@bufbuild/protobuf": "2.14.0",
        "@connectrpc/connect": "2.1.2"
      },
      "engines": {
        "node": ">=22.21.0 <23 || >=24.5.0"
      }
    },
    "node_modules/@arcjet/transport": {
      "version": "1.12.0",
      "resolved": "https://registry.npmjs.org/@arcjet/transport/-/transport-1.12.0.tgz",
      "integrity": "sha512-hqpXw4JZLSwZuXSHsCpjUOUKW076jWurE7WxTaCA/R6ch4LZcHYYfhedkgcfgh5xWndJrQ1usV7mtHDFEWKtSA==",
      "license": "Apache-2.0",
      "dependencies": {
        "@arcjet/env": "1.12.0",
        "@arcjet/logger": "1.12.0",
        "@bufbuild/protobuf": "2.14.0",
        "@connectrpc/connect": "2.1.2",
        "@connectrpc/connect-node": "2.1.2",
        "@connectrpc/connect-web": "2.1.2"
      },
      "engines": {
        "node": ">=22.21.0 <23 || >=24.5.0"
      }
    },
    "node_modules/@arcjet/transport/node_modules/@arcjet/env": {
      "version": "1.12.0",
      "resolved": "https://registry.npmjs.org/@arcjet/env/-/env-1.12.0.tgz",
      "integrity": "sha512-yvfuYLEq+MseXDdjloUfjVfza2BIohb23S4jAWjqgjYPyKIk4MOJdM7q/DjMYGw+jZLwJNeFIFFo/elTXYS8KQ==",
      "license": "Apache-2.0",
      "engines": {
        "node": ">=22.21.0 <23 || >=24.5.0"
      }
    },
    "node_modules/@arcjet/transport/node_modules/@arcjet/logger": {
      "version": "1.12.0",
      "resolved": "https://registry.npmjs.org/@arcjet/logger/-/logger-1.12.0.tgz",
      "integrity": "sha512-2PkSAQk+kd/3o/dWJm+DhE2YfdVizD63ClMuSir9GrnKKonsAusEMkDFURt1BDbxTL1iUCf1fYli9rUpDUf8yg==",
      "license": "Apache-2.0",
      "dependencies": {
        "@arcjet/sprintf": "1.12.0"
      },
      "engines": {
        "node": ">=22.21.0 <23 || >=24.5.0"
      }
    },
    "node_modules/@arcjet/transport/node_modules/@arcjet/sprintf": {
      "version": "1.12.0",
      "resolved": "https://registry.npmjs.org/@arcjet/sprintf/-/sprintf-1.12.0.tgz",
      "integrity": "sha512-cHI0HHqUYcpCz/QXKxQoBzKPGrj5e0IBBi3NExhS1uuRnJTDycL7GtnDDfqxOaVm9i4lJ5U3tRlUqOf+RdNeKw==",
      "license": "Apache-2.0",
      "engines": {
        "node": ">=22.21.0 <23 || >=24.5.0"
      }
    },
    "node_modules/@bufbuild/protobuf": {
      "version": "2.14.0",
      "resolved": "https://registry.npmjs.org/@bufbuild/protobuf/-/protobuf-2.14.0.tgz",
      "integrity": "sha512-C3UGsiCwSprE2NKIIFA3hCDlpXTMCAXRZuEVp88L1GY36Y41+rYL5fryE+nOFhp4p4JPQvdV8PQ4DWgHgeTE+w==",
      "license": "(Apache-2.0 AND BSD-3-Clause)"
    },
    "node_modules/@connectrpc/connect": {
      "version": "2.1.2",
      "resolved": "https://registry.npmjs.org/@connectrpc/connect/-/connect-2.1.2.tgz",
      "integrity": "sha512-MXkBijtcX09R10Eb6sFeIetc6w6746eio6xtfuyVOH7oQAacT1X0GzMIQFux6Qy8cq3W/T5qX5Bei8YbFtmRGA==",
      "license": "Apache-2.0",
      "peerDependencies": {
        "@bufbuild/protobuf": "^2.7.0"
      }
    },
    "node_modules/@connectrpc/connect-node": {
      "version": "2.1.2",
      "resolved": "https://registry.npmjs.org/@connectrpc/connect-node/-/connect-node-2.1.2.tgz",
      "integrity": "sha512-+i/aAOpsI8sIx1mbYp6d99zvxaUSF6t/jP9Ux9maAmjsZPgmIQ3JuIeYi0zJIP9zlCnBlJjkpPosshCgdRuThQ==",
      "license": "Apache-2.0",
      "engines": {
        "node": ">=20"
      },
      "peerDependencies": {
        "@bufbuild/protobuf": "^2.7.0",
        "@connectrpc/connect": "2.1.2"
      }
    },
    "node_modules/@connectrpc/connect-web": {
      "version": "2.1.2",
      "resolved": "https://registry.npmjs.org/@connectrpc/connect-web/-/connect-web-2.1.2.tgz",
      "integrity": "sha512-1tfaK85MU+gJjwwmL31d2rzdf0XCYX99chZf63uG89SGBUd4XuZ4ZzhGo2u79TPXOE6nLIZQ2okrpyey42PYdg==",
      "license": "Apache-2.0",
      "peerDependencies": {
        "@bufbuild/protobuf": "^2.7.0",
        "@connectrpc/connect": "2.1.2"
      }
    },
    "node_modules/@standard-schema/spec": {
      "version": "1.1.0",
      "resolved": "https://registry.npmjs.org/@standard-schema/spec/-/spec-1.1.0.tgz",
      "integrity": "sha512-l2aFy5jALhniG5HgqrD6jXLi/rUWrKvqN/qJx6yoJsgKhblVd+iqqU4RCXavm/jPityDo5TCvKMnpjKnOriy0w==",
      "license": "MIT"
    },
    "node_modules/@tanstack/ai": {
      "version": "0.52.0",
      "resolved": "https://registry.npmjs.org/@tanstack/ai/-/ai-0.52.0.tgz",
      "integrity": "sha512-a2a+A+QguzZ3b8D7dqaA94A+CT42WUgxGYfscLrKJ+e2gHuEI8VNFGLq17KFuJI60A481bGpoGZ17fKpJF7q1A==",
      "license": "MIT",
      "dependencies": {
        "@ag-ui/core": "0.1.1-canary.beta.0",
        "@standard-schema/spec": "^1.1.0",
        "@tanstack/ai-event-client": "^0.11.2",
        "@tanstack/ai-utils": "^0.4.0",
        "partial-json": "^0.1.7"
      },
      "engines": {
        "node": ">=18"
      },
      "funding": {
        "type": "github",
        "url": "https://github.com/sponsors/tannerlinsley"
      },
      "peerDependencies": {
        "@opentelemetry/api": ">=1.9.0"
      },
      "peerDependenciesMeta": {
        "@opentelemetry/api": {
          "optional": true
        }
      }
    },
    "node_modules/@tanstack/ai-event-client": {
      "version": "0.11.2",
      "resolved": "https://registry.npmjs.org/@tanstack/ai-event-client/-/ai-event-client-0.11.2.tgz",
      "integrity": "sha512-SlBC0jzlsjcdwYZqbvd7Wjny7GkGJGOZepHyJShDsfaiFNFUzGSP4SjOwV49YPfKwsFmR8hX67jQtBAmsnZWqQ==",
      "license": "MIT",
      "dependencies": {
        "@tanstack/devtools-event-client": "^0.4.1"
      },
      "funding": {
        "type": "github",
        "url": "https://github.com/sponsors/tannerlinsley"
      }
    },
    "node_modules/@tanstack/ai-openai": {
      "version": "0.22.3",
      "resolved": "https://registry.npmjs.org/@tanstack/ai-openai/-/ai-openai-0.22.3.tgz",
      "integrity": "sha512-h/pIG+O1JZdrXq2AmCLLyf4Kr3VF8K8Hycj4yN23JIwJ+6HTp8LoAG9w8CRcL8wTGhWpuzDbMgdBExRNg9ZORQ==",
      "license": "MIT",
      "dependencies": {
        "@tanstack/ai-utils": "^0.4.0",
        "@tanstack/openai-base": "^0.10.8",
        "openai": "^6.41.0"
      },
      "funding": {
        "type": "github",
        "url": "https://github.com/sponsors/tannerlinsley"
      },
      "peerDependencies": {
        "@tanstack/ai": "^0.52.0"
      }
    },
    "node_modules/@tanstack/ai-utils": {
      "version": "0.4.0",
      "resolved": "https://registry.npmjs.org/@tanstack/ai-utils/-/ai-utils-0.4.0.tgz",
      "integrity": "sha512-xqvAgPJkIuGk1m+jZKyb7vBTQIaBmUD9EVzlPkDWWMp80n69uwL0TnBZCVk+OwL9goTQiFy648dnBfLsiJgl6A==",
      "license": "MIT",
      "funding": {
        "type": "github",
        "url": "https://github.com/sponsors/tannerlinsley"
      }
    },
    "node_modules/@tanstack/devtools-event-client": {
      "version": "0.4.4",
      "resolved": "https://registry.npmjs.org/@tanstack/devtools-event-client/-/devtools-event-client-0.4.4.tgz",
      "integrity": "sha512-6T5Yop/793YI+H+5J8Hsyj4kCih9sl4t3ElLgKioW5hk3ocn+ZdSJ94tT7vL7uabxSugWYBZlOTMPzEw2puvQw==",
      "license": "MIT",
      "bin": {
        "intent": "bin/intent.js"
      },
      "engines": {
        "node": ">=18"
      },
      "funding": {
        "type": "github",
        "url": "https://github.com/sponsors/tannerlinsley"
      }
    },
    "node_modules/@tanstack/openai-base": {
      "version": "0.10.8",
      "resolved": "https://registry.npmjs.org/@tanstack/openai-base/-/openai-base-0.10.8.tgz",
      "integrity": "sha512-fNEKKuve6IJmAEzaGwRNwa8ypXSvjgbyezUZG0VRs8HUXfrdfSwoCVDpDeIEVIfP+a3UiiMUTa7uNyKUkgkVzw==",
      "license": "MIT",
      "dependencies": {
        "@tanstack/ai-utils": "^0.4.0",
        "openai": "^6.41.0"
      },
      "funding": {
        "type": "github",
        "url": "https://github.com/sponsors/tannerlinsley"
      },
      "peerDependencies": {
        "@tanstack/ai": "^0.52.0"
      }
    },
    "node_modules/@types/node": {
      "version": "24.13.3",
      "resolved": "https://registry.npmjs.org/@types/node/-/node-24.13.3.tgz",
      "integrity": "sha512-Dh8vAsV36ig5wa9OX4pXvMc9D3Veibfw2wix0CUwYODLD8nkj9UsLjASr49nPg+2eKzxhBV+v7L8pXvT4e639Q==",
      "dev": true,
      "license": "MIT",
      "dependencies": {
        "undici-types": "~7.18.0"
      }
    },
    "node_modules/openai": {
      "version": "6.49.0",
      "resolved": "https://registry.npmjs.org/openai/-/openai-6.49.0.tgz",
      "integrity": "sha512-aYCc0C6L864eR6WSYIwQGyXriw/nIyZx0ObvhzOEVuk0zoBDpynjSbrionWI7q65B5H8jJX0DXR9snEzM6bfPg==",
      "license": "Apache-2.0",
      "peerDependencies": {
        "@aws-sdk/credential-provider-node": ">=3.972.0 <4",
        "@smithy/hash-node": ">=4.3.0 <5",
        "@smithy/signature-v4": ">=5.4.0 <6",
        "ws": "^8.18.0",
        "zod": "^3.25 || ^4.0"
      },
      "peerDependenciesMeta": {
        "@aws-sdk/credential-provider-node": {
          "optional": true
        },
        "@smithy/hash-node": {
          "optional": true
        },
        "@smithy/signature-v4": {
          "optional": true
        },
        "ws": {
          "optional": true
        },
        "zod": {
          "optional": true
        }
      }
    },
    "node_modules/partial-json": {
      "version": "0.1.7",
      "resolved": "https://registry.npmjs.org/partial-json/-/partial-json-0.1.7.tgz",
      "integrity": "sha512-Njv/59hHaokb/hRUjce3Hdv12wd60MtM9Z5Olmn+nehe0QDAsRtRbJPvJ0Z91TusF0SuZRIvnM+S4l6EIP8leA==",
      "license": "MIT"
    },
    "node_modules/typescript": {
      "version": "5.9.3",
      "resolved": "https://registry.npmjs.org/typescript/-/typescript-5.9.3.tgz",
      "integrity": "sha512-jl1vZzPDinLr9eUt3J/t7V6FgNEw9QjvBPdysz9KfQDD41fQrC2Y4vKQdiaUpFT4bXlb1RHhLpp8wtm6M5TgSw==",
      "dev": true,
      "license": "Apache-2.0",
      "bin": {
        "tsc": "bin/tsc",
        "tsserver": "bin/tsserver"
      },
      "engines": {
        "node": ">=14.17"
      }
    },
    "node_modules/undici-types": {
      "version": "7.18.2",
      "resolved": "https://registry.npmjs.org/undici-types/-/undici-types-7.18.2.tgz",
      "integrity": "sha512-AsuCzffGHJybSaRrmr5eHr81mwJU3kjw6M+uprWvCXiNeN9SOGwQ3Jn8jb8m3Z6izVgknn1R0FTCEAP2QrLY/w==",
      "dev": true,
      "license": "MIT"
    },
    "node_modules/zod": {
      "version": "4.4.3",
      "resolved": "https://registry.npmjs.org/zod/-/zod-4.4.3.tgz",
      "integrity": "sha512-ytENFjIJFl2UwYglde2jchW2Hwm4GJFLDiSXWdTrJQBIN9Fcyp7n4DhxJEiWNAJMV1/BqWfW/kkg71UDcHJyTQ==",
      "license": "MIT",
      "funding": {
        "url": "https://github.com/sponsors/colinhacks"
      }
    }
  }
}
