{
  "name": "@arcjet-examples/tanstack-agent",
  "lockfileVersion": 3,
  "requires": true,
  "packages": {
    "": {
      "name": "@arcjet-examples/tanstack-agent",
      "license": "Apache-2.0",
      "dependencies": {
        "@arcjet/guard": "file:./vendor/arcjet-guard",
        "@tanstack/ai": "0.52.0",
        "@tanstack/ai-openai": "0.22.3",
        "zod": "4.4.3"
      },
      "devDependencies": {
        "@types/node": "24.10.1",
        "typescript": "5.9.3"
      },
      "engines": {
        "node": ">=24"
      }
    },
    "node_modules/@ag-ui/core": {
      "version": "0.1.1-canary.beta.0",
      "resolved": "https://registry.npmjs.org/@ag-ui/core/-/core-0.1.1-canary.beta.0.tgz",
      "integrity": "sha512-zcP3RH5p3HJTZ0kyQxNOL1blnVFTDpaShitR7UMS/thwFdl48V6CAG+WQBcYEu/dfa8mKonRez88N0Ok+nEI+w==",
      "license": "MIT",
      "peerDependencies": {
        "zod": "^3.25.18 || ^4.0.0"
      },
      "peerDependenciesMeta": {
        "zod": {
          "optional": true
        }
      }
    },
    "node_modules/@arcjet/analyze": {
      "version": "1.11.0",
      "resolved": "https://registry.npmjs.org/@arcjet/analyze/-/analyze-1.11.0.tgz",
      "integrity": "sha512-mjMQBPKBAzLUcuKzB+UxMOC5OAOGRIl9UU98TADCBWystCKtxsW3cXgveJDlmoEaiRT+lW9Bo6TOjmSB76PJPA==",
      "license": "Apache-2.0",
      "dependencies": {
        "@arcjet/analyze-wasm": "1.11.0",
        "@arcjet/protocol": "1.11.0"
      },
      "engines": {
        "node": ">=22.21.0 <23 || >=24.5.0"
      }
    },
    "node_modules/@arcjet/analyze-wasm": {
      "version": "1.11.0",
      "resolved": "https://registry.npmjs.org/@arcjet/analyze-wasm/-/analyze-wasm-1.11.0.tgz",
      "integrity": "sha512-r7fcn/gTVRCr8ByZUDqCgwULDH47dupUWNKpkRzVU2V3KZgmjU3vKo0GFEDfEkZopZ8M1RH5iBYJlPt5Ksz6MA==",
      "license": "Apache-2.0",
      "engines": {
        "node": ">=22.21.0 <23 || >=24.5.0"
      }
    },
    "node_modules/@arcjet/cache": {
      "version": "1.11.0",
      "resolved": "https://registry.npmjs.org/@arcjet/cache/-/cache-1.11.0.tgz",
      "integrity": "sha512-Lh9qbkb3vSG50ELZIR4yRwbhhFMt0ektqPH2VQobvbWQv2FRJnH8hGjOrmfYfcKNbOFsa0f6TsiPrC1QFBCsqw==",
      "license": "Apache-2.0",
      "engines": {
        "node": ">=22.21.0 <23 || >=24.5.0"
      }
    },
    "node_modules/@arcjet/env": {
      "version": "1.11.0",
      "resolved": "https://registry.npmjs.org/@arcjet/env/-/env-1.11.0.tgz",
      "integrity": "sha512-tAhdIqas36g9YCLBJb1dMcCiQ+8Ew7zEKbSKnQ0E5dj0C0cOKHE4xSQsN8dS7hrOC2msgwefOPj9BmWD+jmXZA==",
      "license": "Apache-2.0",
      "engines": {
        "node": ">=22.21.0 <23 || >=24.5.0"
      }
    },
    "node_modules/@arcjet/guard": {
      "resolved": "vendor/arcjet-guard",
      "link": true
    },
    "node_modules/@arcjet/logger": {
      "version": "1.11.0",
      "resolved": "https://registry.npmjs.org/@arcjet/logger/-/logger-1.11.0.tgz",
      "integrity": "sha512-OpO8bAtjBiKT4R+3SCUIp3X6/7zLNqC/hBGHp1V4Ginx0X9E7ZQS0Y9O+Y/+/MVT/+ixwMiN5sqneLreyRJV5Q==",
      "license": "Apache-2.0",
      "dependencies": {
        "@arcjet/sprintf": "1.11.0"
      },
      "engines": {
        "node": ">=22.21.0 <23 || >=24.5.0"
      }
    },
    "node_modules/@arcjet/protocol": {
      "version": "1.11.0",
      "resolved": "https://registry.npmjs.org/@arcjet/protocol/-/protocol-1.11.0.tgz",
      "integrity": "sha512-PjWSHXZ4Ntd9td/4N1AHLDN15lk1Ky7L/IGk1tE/FV4G8eVtSkooeV8t7MQQdyRPX90nbI8k77Xr2MTj4UUEwg==",
      "license": "Apache-2.0",
      "dependencies": {
        "@arcjet/cache": "1.11.0",
        "@bufbuild/protobuf": "2.14.0",
        "@connectrpc/connect": "2.1.2"
      },
      "engines": {
        "node": ">=22.21.0 <23 || >=24.5.0"
      }
    },
    "node_modules/@arcjet/sprintf": {
      "version": "1.11.0",
      "resolved": "https://registry.npmjs.org/@arcjet/sprintf/-/sprintf-1.11.0.tgz",
      "integrity": "sha512-JxM/eostXf0OawoXiE1cOa+rPWAuxUOqKURqqwO1HhNGKb2rNZq+sL7d9hNSCyGoJGtN7Ydas4CX1NyZL3jCvg==",
      "license": "Apache-2.0",
      "engines": {
        "node": ">=22.21.0 <23 || >=24.5.0"
      }
    },
    "node_modules/@arcjet/transport": {
      "resolved": "vendor/arcjet-transport",
      "link": true
    },
    "node_modules/@bufbuild/protobuf": {
      "version": "2.14.0",
      "resolved": "https://registry.npmjs.org/@bufbuild/protobuf/-/protobuf-2.14.0.tgz",
      "integrity": "sha512-C3UGsiCwSprE2NKIIFA3hCDlpXTMCAXRZuEVp88L1GY36Y41+rYL5fryE+nOFhp4p4JPQvdV8PQ4DWgHgeTE+w==",
      "license": "(Apache-2.0 AND BSD-3-Clause)"
    },
    "node_modules/@connectrpc/connect": {
      "version": "2.1.2",
      "resolved": "https://registry.npmjs.org/@connectrpc/connect/-/connect-2.1.2.tgz",
      "integrity": "sha512-MXkBijtcX09R10Eb6sFeIetc6w6746eio6xtfuyVOH7oQAacT1X0GzMIQFux6Qy8cq3W/T5qX5Bei8YbFtmRGA==",
      "license": "Apache-2.0",
      "peerDependencies": {
        "@bufbuild/protobuf": "^2.7.0"
      }
    },
    "node_modules/@connectrpc/connect-node": {
      "version": "2.1.2",
      "resolved": "https://registry.npmjs.org/@connectrpc/connect-node/-/connect-node-2.1.2.tgz",
      "integrity": "sha512-+i/aAOpsI8sIx1mbYp6d99zvxaUSF6t/jP9Ux9maAmjsZPgmIQ3JuIeYi0zJIP9zlCnBlJjkpPosshCgdRuThQ==",
      "license": "Apache-2.0",
      "engines": {
        "node": ">=20"
      },
      "peerDependencies": {
        "@bufbuild/protobuf": "^2.7.0",
        "@connectrpc/connect": "2.1.2"
      }
    },
    "node_modules/@connectrpc/connect-web": {
      "version": "2.1.2",
      "resolved": "https://registry.npmjs.org/@connectrpc/connect-web/-/connect-web-2.1.2.tgz",
      "integrity": "sha512-1tfaK85MU+gJjwwmL31d2rzdf0XCYX99chZf63uG89SGBUd4XuZ4ZzhGo2u79TPXOE6nLIZQ2okrpyey42PYdg==",
      "license": "Apache-2.0",
      "peerDependencies": {
        "@bufbuild/protobuf": "^2.7.0",
        "@connectrpc/connect": "2.1.2"
      }
    },
    "node_modules/@standard-schema/spec": {
      "version": "1.1.0",
      "resolved": "https://registry.npmjs.org/@standard-schema/spec/-/spec-1.1.0.tgz",
      "integrity": "sha512-l2aFy5jALhniG5HgqrD6jXLi/rUWrKvqN/qJx6yoJsgKhblVd+iqqU4RCXavm/jPityDo5TCvKMnpjKnOriy0w==",
      "license": "MIT"
    },
    "node_modules/@tanstack/ai": {
      "version": "0.52.0",
      "resolved": "https://registry.npmjs.org/@tanstack/ai/-/ai-0.52.0.tgz",
      "integrity": "sha512-a2a+A+QguzZ3b8D7dqaA94A+CT42WUgxGYfscLrKJ+e2gHuEI8VNFGLq17KFuJI60A481bGpoGZ17fKpJF7q1A==",
      "license": "MIT",
      "dependencies": {
        "@ag-ui/core": "0.1.1-canary.beta.0",
        "@standard-schema/spec": "^1.1.0",
        "@tanstack/ai-event-client": "^0.11.2",
        "@tanstack/ai-utils": "^0.4.0",
        "partial-json": "^0.1.7"
      },
      "engines": {
        "node": ">=18"
      },
      "funding": {
        "type": "github",
        "url": "https://github.com/sponsors/tannerlinsley"
      },
      "peerDependencies": {
        "@opentelemetry/api": ">=1.9.0"
      },
      "peerDependenciesMeta": {
        "@opentelemetry/api": {
          "optional": true
        }
      }
    },
    "node_modules/@tanstack/ai-event-client": {
      "version": "0.11.2",
      "resolved": "https://registry.npmjs.org/@tanstack/ai-event-client/-/ai-event-client-0.11.2.tgz",
      "integrity": "sha512-SlBC0jzlsjcdwYZqbvd7Wjny7GkGJGOZepHyJShDsfaiFNFUzGSP4SjOwV49YPfKwsFmR8hX67jQtBAmsnZWqQ==",
      "license": "MIT",
      "dependencies": {
        "@tanstack/devtools-event-client": "^0.4.1"
      },
      "funding": {
        "type": "github",
        "url": "https://github.com/sponsors/tannerlinsley"
      }
    },
    "node_modules/@tanstack/ai-openai": {
      "version": "0.22.3",
      "resolved": "https://registry.npmjs.org/@tanstack/ai-openai/-/ai-openai-0.22.3.tgz",
      "integrity": "sha512-h/pIG+O1JZdrXq2AmCLLyf4Kr3VF8K8Hycj4yN23JIwJ+6HTp8LoAG9w8CRcL8wTGhWpuzDbMgdBExRNg9ZORQ==",
      "license": "MIT",
      "dependencies": {
        "@tanstack/ai-utils": "^0.4.0",
        "@tanstack/openai-base": "^0.10.8",
        "openai": "^6.41.0"
      },
      "funding": {
        "type": "github",
        "url": "https://github.com/sponsors/tannerlinsley"
      },
      "peerDependencies": {
        "@tanstack/ai": "^0.52.0"
      }
    },
    "node_modules/@tanstack/ai-utils": {
      "version": "0.4.0",
      "resolved": "https://registry.npmjs.org/@tanstack/ai-utils/-/ai-utils-0.4.0.tgz",
      "integrity": "sha512-xqvAgPJkIuGk1m+jZKyb7vBTQIaBmUD9EVzlPkDWWMp80n69uwL0TnBZCVk+OwL9goTQiFy648dnBfLsiJgl6A==",
      "license": "MIT",
      "funding": {
        "type": "github",
        "url": "https://github.com/sponsors/tannerlinsley"
      }
    },
    "node_modules/@tanstack/devtools-event-client": {
      "version": "0.4.4",
      "resolved": "https://registry.npmjs.org/@tanstack/devtools-event-client/-/devtools-event-client-0.4.4.tgz",
      "integrity": "sha512-6T5Yop/793YI+H+5J8Hsyj4kCih9sl4t3ElLgKioW5hk3ocn+ZdSJ94tT7vL7uabxSugWYBZlOTMPzEw2puvQw==",
      "license": "MIT",
      "bin": {
        "intent": "bin/intent.js"
      },
      "engines": {
        "node": ">=18"
      },
      "funding": {
        "type": "github",
        "url": "https://github.com/sponsors/tannerlinsley"
      }
    },
    "node_modules/@tanstack/openai-base": {
      "version": "0.10.8",
      "resolved": "https://registry.npmjs.org/@tanstack/openai-base/-/openai-base-0.10.8.tgz",
      "integrity": "sha512-fNEKKuve6IJmAEzaGwRNwa8ypXSvjgbyezUZG0VRs8HUXfrdfSwoCVDpDeIEVIfP+a3UiiMUTa7uNyKUkgkVzw==",
      "license": "MIT",
      "dependencies": {
        "@tanstack/ai-utils": "^0.4.0",
        "openai": "^6.41.0"
      },
      "funding": {
        "type": "github",
        "url": "https://github.com/sponsors/tannerlinsley"
      },
      "peerDependencies": {
        "@tanstack/ai": "^0.52.0"
      }
    },
    "node_modules/@types/node": {
      "version": "24.10.1",
      "resolved": "https://registry.npmjs.org/@types/node/-/node-24.10.1.tgz",
      "integrity": "sha512-GNWcUTRBgIRJD5zj+Tq0fKOJ5XZajIiBroOF0yvj2bSU1WvNdYS/dn9UxwsujGW4JX06dnHyjV2y9rRaybH0iQ==",
      "dev": true,
      "license": "MIT",
      "dependencies": {
        "undici-types": "~7.16.0"
      }
    },
    "node_modules/openai": {
      "version": "6.49.0",
      "resolved": "https://registry.npmjs.org/openai/-/openai-6.49.0.tgz",
      "integrity": "sha512-aYCc0C6L864eR6WSYIwQGyXriw/nIyZx0ObvhzOEVuk0zoBDpynjSbrionWI7q65B5H8jJX0DXR9snEzM6bfPg==",
      "license": "Apache-2.0",
      "peerDependencies": {
        "@aws-sdk/credential-provider-node": ">=3.972.0 <4",
        "@smithy/hash-node": ">=4.3.0 <5",
        "@smithy/signature-v4": ">=5.4.0 <6",
        "ws": "^8.18.0",
        "zod": "^3.25 || ^4.0"
      },
      "peerDependenciesMeta": {
        "@aws-sdk/credential-provider-node": {
          "optional": true
        },
        "@smithy/hash-node": {
          "optional": true
        },
        "@smithy/signature-v4": {
          "optional": true
        },
        "ws": {
          "optional": true
        },
        "zod": {
          "optional": true
        }
      }
    },
    "node_modules/partial-json": {
      "version": "0.1.7",
      "resolved": "https://registry.npmjs.org/partial-json/-/partial-json-0.1.7.tgz",
      "integrity": "sha512-Njv/59hHaokb/hRUjce3Hdv12wd60MtM9Z5Olmn+nehe0QDAsRtRbJPvJ0Z91TusF0SuZRIvnM+S4l6EIP8leA==",
      "license": "MIT"
    },
    "node_modules/typescript": {
      "version": "5.9.3",
      "resolved": "https://registry.npmjs.org/typescript/-/typescript-5.9.3.tgz",
      "integrity": "sha512-jl1vZzPDinLr9eUt3J/t7V6FgNEw9QjvBPdysz9KfQDD41fQrC2Y4vKQdiaUpFT4bXlb1RHhLpp8wtm6M5TgSw==",
      "dev": true,
      "license": "Apache-2.0",
      "bin": {
        "tsc": "bin/tsc",
        "tsserver": "bin/tsserver"
      },
      "engines": {
        "node": ">=14.17"
      }
    },
    "node_modules/undici-types": {
      "version": "7.16.0",
      "resolved": "https://registry.npmjs.org/undici-types/-/undici-types-7.16.0.tgz",
      "integrity": "sha512-Zz+aZWSj8LE6zoxD+xrjh4VfkIG8Ya6LvYkZqtUQGJPZjYl53ypCaUwWqo7eI0x66KBGeRo+mlBEkMSeSZ38Nw==",
      "dev": true,
      "license": "MIT"
    },
    "node_modules/zod": {
      "version": "4.4.3",
      "resolved": "https://registry.npmjs.org/zod/-/zod-4.4.3.tgz",
      "integrity": "sha512-ytENFjIJFl2UwYglde2jchW2Hwm4GJFLDiSXWdTrJQBIN9Fcyp7n4DhxJEiWNAJMV1/BqWfW/kkg71UDcHJyTQ==",
      "license": "MIT",
      "funding": {
        "url": "https://github.com/sponsors/colinhacks"
      }
    },
    "vendor/arcjet-guard": {
      "name": "@arcjet/guard",
      "version": "1.11.1-vendor.d730d57",
      "license": "Apache-2.0",
      "dependencies": {
        "@arcjet/analyze": "1.11.0",
        "@arcjet/logger": "1.11.0",
        "@arcjet/transport": "file:../arcjet-transport",
        "@bufbuild/protobuf": "2.14.0",
        "@connectrpc/connect": "2.1.2",
        "@connectrpc/connect-node": "2.1.2",
        "@connectrpc/connect-web": "2.1.2"
      },
      "engines": {
        "node": ">=22.21.0 <23 || >=24.5.0"
      },
      "peerDependencies": {
        "@tanstack/ai": ">=0.8.0 <1"
      },
      "peerDependenciesMeta": {
        "@tanstack/ai": {
          "optional": true
        }
      }
    },
    "vendor/arcjet-transport": {
      "name": "@arcjet/transport",
      "version": "1.11.1-vendor.d730d57",
      "license": "Apache-2.0",
      "dependencies": {
        "@arcjet/env": "1.11.0",
        "@arcjet/logger": "1.11.0",
        "@bufbuild/protobuf": "2.14.0",
        "@connectrpc/connect": "2.1.2",
        "@connectrpc/connect-node": "2.1.2",
        "@connectrpc/connect-web": "2.1.2"
      },
      "engines": {
        "node": ">=22.21.0 <23 || >=24.5.0"
      }
    }
  }
}
