{
  "version": "5",
  "specifiers": {
    "npm:@arcjet/deno@1.13.0": "1.13.0",
    "npm:@arcjet/inspect@1.13.0": "1.13.0"
  },
  "npm": {
    "@arcjet/analyze-wasm@1.13.0": {
      "integrity": "sha512-IdPfx5JIq8yalcBh7D5PQ9WXZ+SAqLY/lWCzVPmqQhVL1oEawBFQE4WGLYncSnrwzx0Gt4cAVEtvi7lPh7ztQw=="
    },
    "@arcjet/analyze@1.13.0": {
      "integrity": "sha512-SBf9lSdSQc86UmWcf07myUWzeyJuz4IEpKqGH8XZVC6okiBkuqfVSxsH7/SAZweZnoQIe7tHEAABIJplx7g9tA==",
      "dependencies": [
        "@arcjet/analyze-wasm",
        "@arcjet/protocol"
      ]
    },
    "@arcjet/body@1.13.0": {
      "integrity": "sha512-T1pi6PDeITYiD1ofmdm5EvTPKim1/bzV5ntM0M9YlqLo/vOP8U3G7QuB1NQEF6MULJmKX6RYuLoR8aroUUn/lw=="
    },
    "@arcjet/cache@1.13.0": {
      "integrity": "sha512-D3fvCSW/8VnmAGJFXWzXMSiYWg1osGoKtnNegFMHmd0Kk/jNvX7P2q0UgvWSIH1gzLMYFMRSFzRkzz9Enojlxw=="
    },
    "@arcjet/deno@1.13.0": {
      "integrity": "sha512-VJiBAX5wczweFGBz9KOqbXRkmDaCf6Ni6rYNCfUXplRmGhq8Gw7huWBjyArNPyxKG0jR2IITQ2F8PR5U/uGHiw==",
      "dependencies": [
        "@arcjet/body",
        "@arcjet/env",
        "@arcjet/headers",
        "@arcjet/ip",
        "@arcjet/logger",
        "@arcjet/protocol",
        "@arcjet/transport",
        "arcjet"
      ]
    },
    "@arcjet/duration@1.13.0": {
      "integrity": "sha512-J3h7uG6nkuRCekK4CdfeyI+Vaeuqi5Mvj1LGnrw0YjjAUM+GdFyepkL2eZHv5uModospwx24ago+G8xxTSppGA=="
    },
    "@arcjet/env@1.13.0": {
      "integrity": "sha512-3BhsZad+idzlugC/5WG56Ln9Wi4kQmmjk97zs36kobmTeAdWe83bv8Zn8ZC1DinoRl+BFuSSKaEiO+MkrkRiqg=="
    },
    "@arcjet/headers@1.13.0": {
      "integrity": "sha512-27I4w46ZTrfESR7MUW7F8gtsW4JeJLHRby3t5SjDN+MT1T8t0RQnuKoSy6RKlZadSUw0LBYHjPNH35D1P1pijg=="
    },
    "@arcjet/inspect@1.13.0": {
      "integrity": "sha512-x0XKsTR6aDxCPDHe3qzibnRPyIeuBXR8vit2geNW4r/5eSPkArIOjMzqFoxPLjD0gfHgLMR8E49P3L78dXY0SA==",
      "dependencies": [
        "@arcjet/protocol"
      ]
    },
    "@arcjet/ip@1.13.0": {
      "integrity": "sha512-jwMQTH7kel12uy4b7NTs+1ZNlWNfi3sBagSnbEaloH3PC3sbfDAIBBQcM92v8UsotC8Sp3xiHhUASGVy5qL3BQ=="
    },
    "@arcjet/logger@1.13.0": {
      "integrity": "sha512-M/isc66Jc3L4p2USBS7/McbORjnIiVrcfQpi3ZM8TjQ08zWhHa0UEDLVObyCHIrsDrAAzxQ6WwtOeEsVSu94CQ==",
      "dependencies": [
        "@arcjet/sprintf"
      ]
    },
    "@arcjet/protocol@1.13.0_@bufbuild+protobuf@2.14.1": {
      "integrity": "sha512-Utn+7BPLOnzoDzDJj0l7prK7Gr8dlyMul/FBy890LwyxyoH4yxniHFAeLHSw3idknFktKK+qI0DqDCf3MK4uQQ==",
      "dependencies": [
        "@arcjet/cache",
        "@bufbuild/protobuf",
        "@connectrpc/connect"
      ]
    },
    "@arcjet/runtime@1.13.0": {
      "integrity": "sha512-Na+kLHx82JKYEtOPAWytVE1Od2zrlLNB3uIZJyQF52uRb2P1by5M0lEejrn7om+ReK9dw2Si5IQOdCXG+qxdIQ=="
    },
    "@arcjet/skills@1.13.0": {
      "integrity": "sha512-im1LaoOK10aF9M26CC6yBdmku0ki3kcMS51v5dhQ8+btCstwXXHd7mE9Zb6OOxbqleDXnMr8qvW2d5L+8K6QBg=="
    },
    "@arcjet/sprintf@1.13.0": {
      "integrity": "sha512-ozRtGBD7BzPW1yrTY5s10wevGx+7GnZqXJCi708FsFEd6k5wvU6SFWX8AVNmcMNQG4TOjMyLGGyOGlE2RnhI3g=="
    },
    "@arcjet/stable-hash@1.13.0": {
      "integrity": "sha512-T5n2Npk/K0sCEoI7OIHpOH6k04iwdK8mRoqnyGLg2UhGF8Pl+nRqL60QWosAkHRhN0QbHFb994q/I1k0CC//pw=="
    },
    "@arcjet/transport@1.13.0_@bufbuild+protobuf@2.14.1_@connectrpc+connect@2.2.0__@bufbuild+protobuf@2.14.1": {
      "integrity": "sha512-ZMigqL5JcSdbiUQHhumMRFwm6LIR6VGbX+KzHP5Pbu0VCzwBt6WDMWgD7uL1ppF4aEw34oMmH6ttZl9B89iEvQ==",
      "dependencies": [
        "@arcjet/env",
        "@arcjet/logger",
        "@bufbuild/protobuf",
        "@connectrpc/connect",
        "@connectrpc/connect-node",
        "@connectrpc/connect-web"
      ]
    },
    "@bufbuild/protobuf@2.14.1": {
      "integrity": "sha512-agRJn3+EJDUe8AvxTx/LnHA/GErvLE62pSaSk7+MwFOtOv8eWBu/qCq2qoZjBjVZ3C2aiFJCveuSs17KMkYGOw=="
    },
    "@connectrpc/connect-node@2.2.0_@bufbuild+protobuf@2.14.1_@connectrpc+connect@2.2.0__@bufbuild+protobuf@2.14.1": {
      "integrity": "sha512-E6uUO6e11WdynAuBjuN+0WpHjqxEM9BNDdfDIJHcn49Esg/WxSIbn2y1KFt9XL96IJi01qdBbvubcdpBz1X3Zw==",
      "dependencies": [
        "@bufbuild/protobuf",
        "@connectrpc/connect"
      ]
    },
    "@connectrpc/connect-web@2.2.0_@bufbuild+protobuf@2.14.1_@connectrpc+connect@2.2.0__@bufbuild+protobuf@2.14.1": {
      "integrity": "sha512-uuBUcBTYfb/r1o98LzCCZk1H90yx0vmZ5m21dpw/q4EUwsKwkCDGI8H0aEdjcZld+Q2jJ5A5ADvPqfb6lzQ/sg==",
      "dependencies": [
        "@bufbuild/protobuf",
        "@connectrpc/connect"
      ]
    },
    "@connectrpc/connect@2.2.0_@bufbuild+protobuf@2.14.1": {
      "integrity": "sha512-M63OQ1ZFcPUm85CuewJ9G9CMV8LjzGR9935xOnXNQGSazAbwMb3x2W7vXBYM1zqrP7XFD8uxp/dUAhirclgwnQ==",
      "dependencies": [
        "@bufbuild/protobuf"
      ]
    },
    "arcjet@1.13.0": {
      "integrity": "sha512-krWGKQp2CM0U4ph7iuCyaNPQmAj/s17fw/jbTXb7lvMXFzbnuKFhB7A2b64WGNBkiQ8Yme5RT8aRE0DcNddqqg==",
      "dependencies": [
        "@arcjet/analyze",
        "@arcjet/cache",
        "@arcjet/duration",
        "@arcjet/headers",
        "@arcjet/protocol",
        "@arcjet/runtime",
        "@arcjet/skills",
        "@arcjet/stable-hash"
      ]
    }
  },
  "workspace": {
    "dependencies": [
      "npm:@arcjet/deno@1.13.0",
      "npm:@arcjet/inspect@1.13.0"
    ]
  }
}
