{
  "version": "5",
  "specifiers": {
    "npm:@arcjet/deno@1.14.0": "1.14.0",
    "npm:@arcjet/inspect@1.14.0": "1.14.0"
  },
  "npm": {
    "@arcjet/analyze-wasm@1.14.0": {
      "integrity": "sha512-6I09klH7Ujpps1imI0BGi61klPxYrEK/MBRzxNiaRHt547URXC8SqyR0CRjl7R9Wde7u+8dAbuPmxOiDTyvwXA=="
    },
    "@arcjet/analyze@1.14.0": {
      "integrity": "sha512-2EblJj90Xh5w8J4d8mEFUPE2B/KjQboRP6bESpZKu9S0jYIL9HXLr8XSLUsLEMVye2sbEOpTlBTwxr9rYtinZQ==",
      "dependencies": [
        "@arcjet/analyze-wasm",
        "@arcjet/protocol"
      ]
    },
    "@arcjet/body@1.14.0": {
      "integrity": "sha512-DAbJnsR7nxyowESEOXFHOauEpcoM1eUx/9RbwCfgvx53lhbUxxmFa/2f7hJprNJ2MhhFHcjQV5F+M8/mZQwP7Q=="
    },
    "@arcjet/cache@1.14.0": {
      "integrity": "sha512-5fULzozHw02VwujYi2h/WYV8AMat/lqzDtmCk1B4KYnIu71ydxIXtrSSA0LYkOeQy/nDLBqQV0lNl73PytB9wQ=="
    },
    "@arcjet/deno@1.14.0": {
      "integrity": "sha512-rfPPDTgGdjx1sJ+sWNAdP4C7MNOepi5DK0nwtPjTlOpAC36Jqm23iPetJo/WoQyIoaJ6gfxlcpOdxYGLWnpkbw==",
      "dependencies": [
        "@arcjet/body",
        "@arcjet/env",
        "@arcjet/headers",
        "@arcjet/ip",
        "@arcjet/logger",
        "@arcjet/protocol",
        "@arcjet/transport",
        "arcjet"
      ]
    },
    "@arcjet/duration@1.14.0": {
      "integrity": "sha512-juj5ARh/sZZN6INo2PVhvCGA21wXW/oayMr/PtLoPBQBzEf2mJTArdX2QNgvtoddG41keGaHIJ+tMwMrU4pBRA=="
    },
    "@arcjet/env@1.14.0": {
      "integrity": "sha512-nMu4FpKk7k/WEj1gybKx+PkrOcln+TCt8trI0BE7VaZKYLscgA2WpiT9W80yyWFYI+r6qXoRxtRz51Q5siNw9w=="
    },
    "@arcjet/headers@1.14.0": {
      "integrity": "sha512-pmuFRJCfabpPvwSZneL+k68MD7JxtDl8iOwO75AmyrWYl6kcG+peXlUbq/2HkoSHlk0/zRzxF5PihLgaIzRinA=="
    },
    "@arcjet/inspect@1.14.0": {
      "integrity": "sha512-xWzBRWY4daihkajNfWpr/FhZmrgX8sLV5dbYrGBGzTxICerpI4qFMPSKweUjQc1muayNTT7k754otu1gv5zyWg==",
      "dependencies": [
        "@arcjet/protocol"
      ]
    },
    "@arcjet/ip@1.14.0": {
      "integrity": "sha512-9aH6xcmwHGkujW/0GpxBea+3SoAM+pNtZObU9/1d1sWmeqW1uNP1EAxVoJsTc8NIwX8n2Tzff5JqrcOOWwKLbw=="
    },
    "@arcjet/logger@1.14.0": {
      "integrity": "sha512-b9/AtGFUUPuXZWU33dXFgaXcpnh4NQWjWSVrjprEguHQ4jzIhxg4MUh/yrNjMmunJcjyuoPTNpr8R9uE7OZkLg==",
      "dependencies": [
        "@arcjet/sprintf"
      ]
    },
    "@arcjet/protocol@1.14.0_@bufbuild+protobuf@2.15.0": {
      "integrity": "sha512-T8qZes/icXKYM259uo1c2SQLut8a654oM+8pqipN0V5Hyc//4o0P49ElnsykQzvA33H1FSLsJoETuwg4GxWV9Q==",
      "dependencies": [
        "@arcjet/cache",
        "@bufbuild/protobuf",
        "@connectrpc/connect"
      ]
    },
    "@arcjet/runtime@1.14.0": {
      "integrity": "sha512-sFe5ZkX/1FOgSgVKkJ+v7yYU+XeBcA9+STT1Dxg3awLpm6/ptIgdj65hQ66f/rRy5ahn5xmzhcw65S4Fy5ty7A=="
    },
    "@arcjet/skills@1.14.0": {
      "integrity": "sha512-cPWW/MCJqxZwe58QpPsiulrwFbZYnwu8Q8jTYR9veDzrauBd60dNzOIW0nVt/nGX+QxKaF4zYGJ4OBOg81Y0Mw=="
    },
    "@arcjet/sprintf@1.14.0": {
      "integrity": "sha512-5SBn4k3VtfVsoXeUfrpdcZCU2+Po+ZoXpUe2QxKzxhmMe1zPRHm161AAzW4yafYqDkIiRe6E487QIlwN/7e9Gw=="
    },
    "@arcjet/stable-hash@1.14.0": {
      "integrity": "sha512-Pc8Uo77zMY411f7FlndwkIxRsfilXDqigFKc9P5aEMzFtVTdvzgk5jYCsid8eFItbgmEbtzPx5LviBUTfhIePA=="
    },
    "@arcjet/transport@1.14.0_@bufbuild+protobuf@2.15.0_@connectrpc+connect@2.2.0__@bufbuild+protobuf@2.15.0": {
      "integrity": "sha512-RaYeS+F2fZ2zMSNNNXQDsks7KOrleFhqKnN7atHCd3UKhw1g/0drU4c9yFKkRgM8gM8QCsx88Uci2H9WAYt6Ww==",
      "dependencies": [
        "@arcjet/env",
        "@arcjet/logger",
        "@bufbuild/protobuf",
        "@connectrpc/connect",
        "@connectrpc/connect-node",
        "@connectrpc/connect-web"
      ]
    },
    "@bufbuild/protobuf@2.15.0": {
      "integrity": "sha512-DAheWUkVr/SJTWCc+lg9dhY0eN4SaWlf4+bG1KzHeXbnqt0AfB/NX0Z+VunGlM1ki1B4zVvye27MpKh/svySUA=="
    },
    "@connectrpc/connect-node@2.2.0_@bufbuild+protobuf@2.15.0_@connectrpc+connect@2.2.0__@bufbuild+protobuf@2.15.0": {
      "integrity": "sha512-E6uUO6e11WdynAuBjuN+0WpHjqxEM9BNDdfDIJHcn49Esg/WxSIbn2y1KFt9XL96IJi01qdBbvubcdpBz1X3Zw==",
      "dependencies": [
        "@bufbuild/protobuf",
        "@connectrpc/connect"
      ]
    },
    "@connectrpc/connect-web@2.2.0_@bufbuild+protobuf@2.15.0_@connectrpc+connect@2.2.0__@bufbuild+protobuf@2.15.0": {
      "integrity": "sha512-uuBUcBTYfb/r1o98LzCCZk1H90yx0vmZ5m21dpw/q4EUwsKwkCDGI8H0aEdjcZld+Q2jJ5A5ADvPqfb6lzQ/sg==",
      "dependencies": [
        "@bufbuild/protobuf",
        "@connectrpc/connect"
      ]
    },
    "@connectrpc/connect@2.2.0_@bufbuild+protobuf@2.15.0": {
      "integrity": "sha512-M63OQ1ZFcPUm85CuewJ9G9CMV8LjzGR9935xOnXNQGSazAbwMb3x2W7vXBYM1zqrP7XFD8uxp/dUAhirclgwnQ==",
      "dependencies": [
        "@bufbuild/protobuf"
      ]
    },
    "arcjet@1.14.0": {
      "integrity": "sha512-Aa/9ny9FV9KNa9/Gj41T8T0FyJ3r/0irocYsrEysyVrV7/BCzOjrmZD75XKU371au1Qf3CKXb/6T6IcMhyAm+g==",
      "dependencies": [
        "@arcjet/analyze",
        "@arcjet/cache",
        "@arcjet/duration",
        "@arcjet/headers",
        "@arcjet/protocol",
        "@arcjet/runtime",
        "@arcjet/skills",
        "@arcjet/stable-hash"
      ]
    }
  },
  "workspace": {
    "dependencies": [
      "npm:@arcjet/deno@1.14.0",
      "npm:@arcjet/inspect@1.14.0"
    ]
  }
}
