{
  "version": "5",
  "specifiers": {
    "npm:@arcjet/deno@1.5.0": "1.5.0",
    "npm:@arcjet/inspect@1.5.0": "1.5.0"
  },
  "npm": {
    "@arcjet/analyze-wasm@1.5.0": {
      "integrity": "sha512-BypwVULn+AJxNXTLrXLwOHmunPGLDJfVrnCYK5tgWsFtEGxmCVxtSIQ1zwrNtya3tabNp15SZFcNW3ElkcMSdg=="
    },
    "@arcjet/analyze@1.5.0": {
      "integrity": "sha512-KK2PJyImXMaOKAcjugEr9AYdjsHRBGbsLg+YbnleOnVsexlMclFXAv/s79Zb5r0zqf7xhb3byiRQpgypgLOCGQ==",
      "dependencies": [
        "@arcjet/analyze-wasm",
        "@arcjet/protocol"
      ]
    },
    "@arcjet/body@1.5.0": {
      "integrity": "sha512-ALE/kpo5mlJtpKxB1ey+LiJn6m5+IuE5LmYJQS+z2QKqgcMCsv9r+mmHYb5mpG0RSbY7habjisbVZC10VxoevQ=="
    },
    "@arcjet/cache@1.5.0": {
      "integrity": "sha512-VbyRa6nWgG8eDJEtmM/St9okRgp+oG+9e07mymv4tbB2sy86oaX07ibdfHxGLb6T0/TpZKcxnVGWdV7TW/Yv4g=="
    },
    "@arcjet/deno@1.5.0": {
      "integrity": "sha512-TcswxLbrYjMi8rre/3a3oMx2ZupmPGXWLxMsSoWXVj/AUMoHheSLiAhwyGD4bPKfiiefxadoIOsMxug7zzFTUg==",
      "dependencies": [
        "@arcjet/body",
        "@arcjet/env",
        "@arcjet/headers",
        "@arcjet/ip",
        "@arcjet/logger",
        "@arcjet/protocol",
        "@arcjet/transport",
        "arcjet"
      ]
    },
    "@arcjet/duration@1.5.0": {
      "integrity": "sha512-La8i6tWHYZlATqApmIcrZmA3hm6PYams8UGU0nsJul4iQpKNdjuspLbfITZqx60eYe80IaH1mH47j4YIYgkSQQ=="
    },
    "@arcjet/env@1.5.0": {
      "integrity": "sha512-XLmFSKHD1XNqFjmihcHxlfvxkVjftAu1aQ+Ev4wpWpS5nGLCMByfGS/Xei76TKKsZaJRhEHkiIOtBl4DzpNnLA=="
    },
    "@arcjet/headers@1.5.0": {
      "integrity": "sha512-Ac7PMuTl2WuWFqlSsWGCKLdfYwu6afUrxKCdYCJyl2wp84f5C64NbcxKq/czgL4WX7LE7imgrPkcRUqOCIXERQ=="
    },
    "@arcjet/inspect@1.5.0": {
      "integrity": "sha512-pQEP/kp5JlcOMQ6dl2EU6MJdrCOzy/DM0LPTZD5FqCdfxZW/cvXaq7hYOtuN6/+ikHo82uA8F9BfEX2cmZ5vVw==",
      "dependencies": [
        "@arcjet/protocol"
      ]
    },
    "@arcjet/ip@1.5.0": {
      "integrity": "sha512-S6Wv8u3fv+iy7esGCLZlb+fGCWOKSZS2JDy62JAspbWokigd/GgyfHoQ4R3guFcPzrUz5WJ4A7KzsMq22SMy/Q=="
    },
    "@arcjet/logger@1.5.0": {
      "integrity": "sha512-AiW1IT9ka86H6dLLgqzvnJzRtp7e0QplFrdUgdzcM9DbIbV3ho5LUSxGdmRVVLytTOW59HVCCsJqTRKPiNdAPA==",
      "dependencies": [
        "@arcjet/sprintf"
      ]
    },
    "@arcjet/protocol@1.5.0_@bufbuild+protobuf@2.12.0": {
      "integrity": "sha512-NAtvNhgPI2jTybvxO5Qi5Bk5I14Vf4ruiLqIaid4QHDGmfyyvxj62qebIyRuPEi4Oss+ii/DKrbf5kTdOJ0i1g==",
      "dependencies": [
        "@arcjet/cache",
        "@bufbuild/protobuf",
        "@connectrpc/connect",
        "typeid-js"
      ]
    },
    "@arcjet/runtime@1.5.0": {
      "integrity": "sha512-QXNOrrl/gFGmdXVAatAXUMc2bxqopCDjLu32zzH6enWpTWO6mK3sc/k8Uf+foPiAMiRzLUYMBc0u3gKY0S/Seg=="
    },
    "@arcjet/sprintf@1.5.0": {
      "integrity": "sha512-uDE2/xdIkDlJqu0eXZk2pTVVkEwoxD6f5aGF+toekU8b3XRuzLSuMZ+3F7BUv/9hExp060LmcQD9h9HXqWqr0A=="
    },
    "@arcjet/stable-hash@1.5.0": {
      "integrity": "sha512-woNvuBu2vFEedGV8jsU7bFpOuWXxjAByTKXBguqxe90HLyIHHM+70ts/B0C/ukqZoL4uu6r0RMWkFljeVQregA=="
    },
    "@arcjet/transport@1.5.0_@bufbuild+protobuf@2.12.0_@connectrpc+connect@2.1.1__@bufbuild+protobuf@2.12.0": {
      "integrity": "sha512-wKn+A7TaMzoj/PjLKNowxp8VLk6GslRvWdkORZAPmOP7uQYn0RwSVvQufIxZ7+sec6BnD+vzXqztmQS15/y81Q==",
      "dependencies": [
        "@bufbuild/protobuf",
        "@connectrpc/connect",
        "@connectrpc/connect-node",
        "@connectrpc/connect-web"
      ]
    },
    "@bufbuild/protobuf@2.12.0": {
      "integrity": "sha512-B/XlCaFIP8LOwzo+bz5uFzATYokcwCKQcghqnlfwSmM5eX/qTkvDBnDPs+gXtX/RyjxJ4DRikECcPJbyALA8FA=="
    },
    "@connectrpc/connect-node@2.1.1_@bufbuild+protobuf@2.12.0_@connectrpc+connect@2.1.1__@bufbuild+protobuf@2.12.0": {
      "integrity": "sha512-s3TfsI1XF+n+1z6MBS9rTnFsxxR4Rw5wmdEnkQINli81ESGxcsfaEet8duzq8LVuuCupmhUsgpRo0Nv9pZkufg==",
      "dependencies": [
        "@bufbuild/protobuf",
        "@connectrpc/connect"
      ]
    },
    "@connectrpc/connect-web@2.1.1_@bufbuild+protobuf@2.12.0_@connectrpc+connect@2.1.1__@bufbuild+protobuf@2.12.0": {
      "integrity": "sha512-J8317Q2MaFRCT1jzVR1o06bZhDIBmU0UAzWx6xOIXzOq8+k71/+k7MUF7AwcBUX+34WIvbm5syRgC5HXQA8fOg==",
      "dependencies": [
        "@bufbuild/protobuf",
        "@connectrpc/connect"
      ]
    },
    "@connectrpc/connect@2.1.1_@bufbuild+protobuf@2.12.0": {
      "integrity": "sha512-JzhkaTvM73m2K1URT6tv53k2RwngSmCXLZJgK580qNQOXRzZRR/BCMfZw3h+90JpnG6XksP5bYT+cz0rpUzUWQ==",
      "dependencies": [
        "@bufbuild/protobuf"
      ]
    },
    "arcjet@1.5.0": {
      "integrity": "sha512-UHd2XIHIphbBamkgN76Yrudx3+apClzEyK2FVquGN6W1k5Ug1gK9i3liNZNP5/XFzovwTHxi3WbRixfsQ0Ws1Q==",
      "dependencies": [
        "@arcjet/analyze",
        "@arcjet/cache",
        "@arcjet/duration",
        "@arcjet/headers",
        "@arcjet/protocol",
        "@arcjet/runtime",
        "@arcjet/stable-hash"
      ]
    },
    "typeid-js@1.2.0": {
      "integrity": "sha512-t76ZucAnvGC60ea/HjVsB0TSoB0cw9yjnfurUgtInXQWUI/VcrlZGpO23KN3iSe8yOGUgb1zr7W7uEzJ3hSljA==",
      "dependencies": [
        "uuid"
      ]
    },
    "uuid@10.0.0": {
      "integrity": "sha512-8XkAphELsDnEGrDxUOHB3RGvXz6TeuYSGEZBOjtTtPm2lwhGBjLgOzLHB63IUWfBpNucQjND6d3AOudO+H3RWQ==",
      "deprecated": true,
      "bin": true
    }
  },
  "workspace": {
    "dependencies": [
      "npm:@arcjet/deno@1.5.0",
      "npm:@arcjet/inspect@1.5.0"
    ]
  }
}
